// !$*UTF8*$!
{
	archiveVersion = 1;
	classes = {
	};
	objectVersion = 48;
	objects = {

/* Begin PBXBuildFile section */
		5E56A6AB1FECB25500910511 /* AppDelegate.m in Sources */ = {isa = PBXBuildFile; fileRef = 5E56A6AA1FECB25500910511 /* AppDelegate.m */; };
		5E56A6B11FECB25500910511 /* Main.storyboard in Resources */ = {isa = PBXBuildFile; fileRef = 5E56A6AF1FECB25500910511 /* Main.storyboard */; };
		5E56A6B31FECB25500910511 /* Assets.xcassets in Resources */ = {isa = PBXBuildFile; fileRef = 5E56A6B21FECB25500910511 /* Assets.xcassets */; };
		5E56A6B61FECB25500910511 /* LaunchScreen.storyboard in Resources */ = {isa = PBXBuildFile; fileRef = 5E56A6B41FECB25500910511 /* LaunchScreen.storyboard */; };
		5E56A6B91FECB25500910511 /* main.m in Sources */ = {isa = PBXBuildFile; fileRef = 5E56A6B81FECB25500910511 /* main.m */; };
		5EC8055F206CE4CA00A6EDA8 /* CoreNFC.framework in Frameworks */ = {isa = PBXBuildFile; fileRef = 5EC8055E206CE4CA00A6EDA8 /* CoreNFC.framework */; };
		5EC80562206CE69500A6EDA8 /* NFCTableViewController.m in Sources */ = {isa = PBXBuildFile; fileRef = 5EC80561206CE69500A6EDA8 /* NFCTableViewController.m */; };
		5EC80565206CE90A00A6EDA8 /* NFCTableViewCell.m in Sources */ = {isa = PBXBuildFile; fileRef = 5EC80564206CE90A00A6EDA8 /* NFCTableViewCell.m */; };
/* End PBXBuildFile section */

/* Begin PBXFileReference section */
		5E56A6A61FECB25500910511 /* CoreNFCDemo.app */ = {isa = PBXFileReference; explicitFileType = wrapper.application; includeInIndex = 0; path = CoreNFCDemo.app; sourceTree = BUILT_PRODUCTS_DIR; };
		5E56A6A91FECB25500910511 /* AppDelegate.h */ = {isa = PBXFileReference; lastKnownFileType = sourcecode.c.h; path = AppDelegate.h; sourceTree = "<group>"; };
		5E56A6AA1FECB25500910511 /* AppDelegate.m */ = {isa = PBXFileReference; lastKnownFileType = sourcecode.c.objc; path = AppDelegate.m; sourceTree = "<group>"; };
		5E56A6B01FECB25500910511 /* Base */ = {isa = PBXFileReference; lastKnownFileType = file.storyboard; name = Base; path = Base.lproj/Main.storyboard; sourceTree = "<group>"; };
		5E56A6B21FECB25500910511 /* Assets.xcassets */ = {isa = PBXFileReference; lastKnownFileType = folder.assetcatalog; path = Assets.xcassets; sourceTree = "<group>"; };
		5E56A6B51FECB25500910511 /* Base */ = {isa = PBXFileReference; lastKnownFileType = file.storyboard; name = Base; path = Base.lproj/LaunchScreen.storyboard; sourceTree = "<group>"; };
		5E56A6B71FECB25500910511 /* Info.plist */ = {isa = PBXFileReference; lastKnownFileType = text.plist.xml; path = Info.plist; sourceTree = "<group>"; };
		5E56A6B81FECB25500910511 /* main.m */ = {isa = PBXFileReference; lastKnownFileType = sourcecode.c.objc; path = main.m; sourceTree = "<group>"; };
		5E56A6BF1FECB3F400910511 /* CoreNFCDemo.entitlements */ = {isa = PBXFileReference; lastKnownFileType = text.plist.entitlements; path = CoreNFCDemo.entitlements; sourceTree = "<group>"; };
		5EC8055E206CE4CA00A6EDA8 /* CoreNFC.framework */ = {isa = PBXFileReference; lastKnownFileType = wrapper.framework; name = CoreNFC.framework; path = System/Library/Frameworks/CoreNFC.framework; sourceTree = SDKROOT; };
		5EC80560206CE69500A6EDA8 /* NFCTableViewController.h */ = {isa = PBXFileReference; lastKnownFileType = sourcecode.c.h; path = NFCTableViewController.h; sourceTree = "<group>"; };
		5EC80561206CE69500A6EDA8 /* NFCTableViewController.m */ = {isa = PBXFileReference; lastKnownFileType = sourcecode.c.objc; path = NFCTableViewController.m; sourceTree = "<group>"; };
		5EC80563206CE90A00A6EDA8 /* NFCTableViewCell.h */ = {isa = PBXFileReference; lastKnownFileType = sourcecode.c.h; path = NFCTableViewCell.h; sourceTree = "<group>"; };
		5EC80564206CE90A00A6EDA8 /* NFCTableViewCell.m */ = {isa = PBXFileReference; lastKnownFileType = sourcecode.c.objc; path = NFCTableViewCell.m; sourceTree = "<group>"; };
/* End PBXFileReference section */

/* Begin PBXFrameworksBuildPhase section */
		5E56A6A31FECB25500910511 /* Frameworks */ = {
			isa = PBXFrameworksBuildPhase;
			buildActionMask = 2147483647;
			files = (
				5EC8055F206CE4CA00A6EDA8 /* CoreNFC.framework in Frameworks */,
			);
			runOnlyForDeploymentPostprocessing = 0;
		};
/* End PBXFrameworksBuildPhase section */

/* Begin PBXGroup section */
		5E56A69D1FECB25500910511 = {
			isa = PBXGroup;
			children = (
				5E56A6A81FECB25500910511 /* CoreNFCDemo */,
				5E56A6A71FECB25500910511 /* Products */,
				5EC8055D206CE4CA00A6EDA8 /* Frameworks */,
			);
			sourceTree = "<group>";
		};
		5E56A6A71FECB25500910511 /* Products */ = {
			isa = PBXGroup;
			children = (
				5E56A6A61FECB25500910511 /* CoreNFCDemo.app */,
			);
			name = Products;
			sourceTree = "<group>";
		};
		5E56A6A81FECB25500910511 /* CoreNFCDemo */ = {
			isa = PBXGroup;
			children = (
				5E56A6BF1FECB3F400910511 /* CoreNFCDemo.entitlements */,
				5E56A6A91FECB25500910511 /* AppDelegate.h */,
				5E56A6AA1FECB25500910511 /* AppDelegate.m */,
				5EC80560206CE69500A6EDA8 /* NFCTableViewController.h */,
				5EC80561206CE69500A6EDA8 /* NFCTableViewController.m */,
				5EC80563206CE90A00A6EDA8 /* NFCTableViewCell.h */,
				5EC80564206CE90A00A6EDA8 /* NFCTableViewCell.m */,
				5E56A6AF1FECB25500910511 /* Main.storyboard */,
				5E56A6B21FECB25500910511 /* Assets.xcassets */,
				5E56A6B41FECB25500910511 /* LaunchScreen.storyboard */,
				5E56A6B71FECB25500910511 /* Info.plist */,
				5E56A6B81FECB25500910511 /* main.m */,
			);
			path = CoreNFCDemo;
			sourceTree = "<group>";
		};
		5EC8055D206CE4CA00A6EDA8 /* Frameworks */ = {
			isa = PBXGroup;
			children = (
				5EC8055E206CE4CA00A6EDA8 /* CoreNFC.framework */,
			);
			name = Frameworks;
			sourceTree = "<group>";
		};
/* End PBXGroup section */

/* Begin PBXNativeTarget section */
		5E56A6A51FECB25500910511 /* CoreNFCDemo */ = {
			isa = PBXNativeTarget;
			buildConfigurationList = 5E56A6BC1FECB25500910511 /* Build configuration list for PBXNativeTarget "CoreNFCDemo" */;
			buildPhases = (
				5E56A6A21FECB25500910511 /* Sources */,
				5E56A6A31FECB25500910511 /* Frameworks */,
				5E56A6A41FECB25500910511 /* Resources */,
			);
			buildRules = (
			);
			dependencies = (
			);
			name = CoreNFCDemo;
			productName = CoreNFCDemo;
			productReference = 5E56A6A61FECB25500910511 /* CoreNFCDemo.app */;
			productType = "com.apple.product-type.application";
		};
/* End PBXNativeTarget section */

/* Begin PBXProject section */
		5E56A69E1FECB25500910511 /* Project object */ = {
			isa = PBXProject;
			attributes = {
				LastUpgradeCheck = 0910;
				ORGANIZATIONNAME = Sands_Lee;
				TargetAttributes = {
					5E56A6A51FECB25500910511 = {
						CreatedOnToolsVersion = 9.1;
						ProvisioningStyle = Manual;
						SystemCapabilities = {
							com.apple.NearFieldCommunicationTagReading = {
								enabled = 1;
							};
						};
					};
				};
			};
			buildConfigurationList = 5E56A6A11FECB25500910511 /* Build configuration list for PBXProject "CoreNFCDemo" */;
			compatibilityVersion = "Xcode 8.0";
			developmentRegion = en;
			hasScannedForEncodings = 0;
			knownRegions = (
				en,
				Base,
			);
			mainGroup = 5E56A69D1FECB25500910511;
			productRefGroup = 5E56A6A71FECB25500910511 /* Products */;
			projectDirPath = "";
			projectRoot = "";
			targets = (
				5E56A6A51FECB25500910511 /* CoreNFCDemo */,
			);
		};
/* End PBXProject section */

/* Begin PBXResourcesBuildPhase section */
		5E56A6A41FECB25500910511 /* Resources */ = {
			isa = PBXResourcesBuildPhase;
			buildActionMask = 2147483647;
			files = (
				5E56A6B61FECB25500910511 /* LaunchScreen.storyboard in Resources */,
				5E56A6B31FECB25500910511 /* Assets.xcassets in Resources */,
				5E56A6B11FECB25500910511 /* Main.storyboard in Resources */,
			);
			runOnlyForDeploymentPostprocessing = 0;
		};
/* End PBXResourcesBuildPhase section */

/* Begin PBXSourcesBuildPhase section */
		5E56A6A21FECB25500910511 /* Sources */ = {
			isa = PBXSourcesBuildPhase;
			buildActionMask = 2147483647;
			files = (
				5EC80562206CE69500A6EDA8 /* NFCTableViewController.m in Sources */,
				5E56A6B91FECB25500910511 /* main.m in Sources */,
				5EC80565206CE90A00A6EDA8 /* NFCTableViewCell.m in Sources */,
				5E56A6AB1FECB25500910511 /* AppDelegate.m in Sources */,
			);
			runOnlyForDeploymentPostprocessing = 0;
		};
/* End PBXSourcesBuildPhase section */

/* Begin PBXVariantGroup section */
		5E56A6AF1FECB25500910511 /* Main.storyboard */ = {
			isa = PBXVariantGroup;
			children = (
				5E56A6B01FECB25500910511 /* Base */,
			);
			name = Main.storyboard;
			sourceTree = "<group>";
		};
		5E56A6B41FECB25500910511 /* LaunchScreen.storyboard */ = {
			isa = PBXVariantGroup;
			children = (
				5E56A6B51FECB25500910511 /* Base */,
			);
			name = LaunchScreen.storyboard;
			sourceTree = "<group>";
		};
/* End PBXVariantGroup section */

/* Begin XCBuildConfiguration section */
		5E56A6BA1FECB25500910511 /* Debug */ = {
			isa = XCBuildConfiguration;
			buildSettings = {
				ALWAYS_SEARCH_USER_PATHS = NO;
				CLANG_ANALYZER_NONNULL = YES;
				CLANG_ANALYZER_NUMBER_OBJECT_CONVERSION = YES_AGGRESSIVE;
				CLANG_CXX_LANGUAGE_STANDARD = "gnu++14";
				CLANG_CXX_LIBRARY = "libc++";
				CLANG_ENABLE_MODULES = YES;
				CLANG_ENABLE_OBJC_ARC = YES;
				CLANG_WARN_BLOCK_CAPTURE_AUTORELEASING = YES;
				CLANG_WARN_BOOL_CONVERSION = YES;
				CLANG_WARN_COMMA = YES;
				CLANG_WARN_CONSTANT_CONVERSION = YES;
				CLANG_WARN_DIRECT_OBJC_ISA_USAGE = YES_ERROR;
				CLANG_WARN_DOCUMENTATION_COMMENTS = YES;
				CLANG_WARN_EMPTY_BODY = YES;
				CLANG_WARN_ENUM_CONVERSION = YES;
				CLANG_WARN_INFINITE_RECURSION = YES;
				CLANG_WARN_INT_CONVERSION = YES;
				CLANG_WARN_NON_LITERAL_NULL_CONVERSION = YES;
				CLANG_WARN_OBJC_LITERAL_CONVERSION = YES;
				CLANG_WARN_OBJC_ROOT_CLASS = YES_ERROR;
				CLANG_WARN_RANGE_LOOP_ANALYSIS = YES;
				CLANG_WARN_STRICT_PROTOTYPES = YES;
				CLANG_WARN_SUSPICIOUS_MOVE = YES;
				CLANG_WARN_UNGUARDED_AVAILABILITY = YES_AGGRESSIVE;
				CLANG_WARN_UNREACHABLE_CODE = YES;
				CLANG_WARN__DUPLICATE_METHOD_MATCH = YES;
				CODE_SIGN_IDENTITY = "iPhone Developer";
				COPY_PHASE_STRIP = NO;
				DEBUG_INFORMATION_FORMAT = dwarf;
				ENABLE_STRICT_OBJC_MSGSEND = YES;
				ENABLE_TESTABILITY = YES;
				GCC_C_LANGUAGE_STANDARD = gnu11;
				GCC_DYNAMIC_NO_PIC = NO;
				GCC_NO_COMMON_BLOCKS = YES;
				GCC_OPTIMIZATION_LEVEL = 0;
				GCC_PREPROCESSOR_DEFINITIONS = (
					"DEBUG=1",
					"$(inherited)",
				);
				GCC_WARN_64_TO_32_BIT_CONVERSION = YES;
				GCC_WARN_ABOUT_RETURN_TYPE = YES_ERROR;
				GCC_WARN_UNDECLARED_SELECTOR = YES;
				GCC_WARN_UNINITIALIZED_AUTOS = YES_AGGRESSIVE;
				GCC_WARN_UNUSED_FUNCTION = YES;
				GCC_WARN_UNUSED_VARIABLE = YES;
				IPHONEOS_DEPLOYMENT_TARGET = 11.1;
				MTL_ENABLE_DEBUG_INFO = YES;
				ONLY_ACTIVE_ARCH = YES;
				SDKROOT = iphoneos;
			};
			name = Debug;
		};
		5E56A6BB1FECB25500910511 /* Release */ = {
			isa = XCBuildConfiguration;
			buildSettings = {
				ALWAYS_SEARCH_USER_PATHS = NO;
				CLANG_ANALYZER_NONNULL = YES;
				CLANG_ANALYZER_NUMBER_OBJECT_CONVERSION = YES_AGGRESSIVE;
				CLANG_CXX_LANGUAGE_STANDARD = "gnu++14";
				CLANG_CXX_LIBRARY = "libc++";
				CLANG_ENABLE_MODULES = YES;
				CLANG_ENABLE_OBJC_ARC = YES;
				CLANG_WARN_BLOCK_CAPTURE_AUTORELEASING = YES;
				CLANG_WARN_BOOL_CONVERSION = YES;
				CLANG_WARN_COMMA = YES;
				CLANG_WARN_CONSTANT_CONVERSION = YES;
				CLANG_WARN_DIRECT_OBJC_ISA_USAGE = YES_ERROR;
				CLANG_WARN_DOCUMENTATION_COMMENTS = YES;
				CLANG_WARN_EMPTY_BODY = YES;
				CLANG_WARN_ENUM_CONVERSION = YES;
				CLANG_WARN_INFINITE_RECURSION = YES;
				CLANG_WARN_INT_CONVERSION = YES;
				CLANG_WARN_NON_LITERAL_NULL_CONVERSION = YES;
				CLANG_WARN_OBJC_LITERAL_CONVERSION = YES;
				CLANG_WARN_OBJC_ROOT_CLASS = YES_ERROR;
				CLANG_WARN_RANGE_LOOP_ANALYSIS = YES;
				CLANG_WARN_STRICT_PROTOTYPES = YES;
				CLANG_WARN_SUSPICIOUS_MOVE = YES;
				CLANG_WARN_UNGUARDED_AVAILABILITY = YES_AGGRESSIVE;
				CLANG_WARN_UNREACHABLE_CODE = YES;
				CLANG_WARN__DUPLICATE_METHOD_MATCH = YES;
				CODE_SIGN_IDENTITY = "iPhone Developer";
				COPY_PHASE_STRIP = NO;
				DEBUG_INFORMATION_FORMAT = "dwarf-with-dsym";
				ENABLE_NS_ASSERTIONS = NO;
				ENABLE_STRICT_OBJC_MSGSEND = YES;
				GCC_C_LANGUAGE_STANDARD = gnu11;
				GCC_NO_COMMON_BLOCKS = YES;
				GCC_WARN_64_TO_32_BIT_CONVERSION = YES;
				GCC_WARN_ABOUT_RETURN_TYPE = YES_ERROR;
				GCC_WARN_UNDECLARED_SELECTOR = YES;
				GCC_WARN_UNINITIALIZED_AUTOS = YES_AGGRESSIVE;
				GCC_WARN_UNUSED_FUNCTION = YES;
				GCC_WARN_UNUSED_VARIABLE = YES;
				IPHONEOS_DEPLOYMENT_TARGET = 11.1;
				MTL_ENABLE_DEBUG_INFO = NO;
				SDKROOT = iphoneos;
				VALIDATE_PRODUCT = YES;
			};
			name = Release;
		};
		5E56A6BD1FECB25500910511 /* Debug */ = {
			isa = XCBuildConfiguration;
			buildSettings = {
				ASSETCATALOG_COMPILER_APPICON_NAME = AppIcon;
				CODE_SIGN_ENTITLEMENTS = CoreNFCDemo/CoreNFCDemo.entitlements;
				CODE_SIGN_STYLE = Manual;
				DEVELOPMENT_TEAM = AZSDGP5N54;
				INFOPLIST_FILE = CoreNFCDemo/Info.plist;
				IPHONEOS_DEPLOYMENT_TARGET = 11.0;
				LD_RUNPATH_SEARCH_PATHS = "$(inherited) @executable_path/Frameworks";
				PRODUCT_BUNDLE_IDENTIFIER = com.mob.sandslee;
				PRODUCT_NAME = "$(TARGET_NAME)";
				PROVISIONING_PROFILE = "7aa04587-9aa5-430b-8031-7289bd3a3d1d";
				PROVISIONING_PROFILE_SPECIFIER = SansLeeApp;
				TARGETED_DEVICE_FAMILY = "1,2";
			};
			name = Debug;
		};
		5E56A6BE1FECB25500910511 /* Release */ = {
			isa = XCBuildConfiguration;
			buildSettings = {
				ASSETCATALOG_COMPILER_APPICON_NAME = AppIcon;
				CODE_SIGN_ENTITLEMENTS = CoreNFCDemo/CoreNFCDemo.entitlements;
				CODE_SIGN_STYLE = Manual;
				DEVELOPMENT_TEAM = AZSDGP5N54;
				INFOPLIST_FILE = CoreNFCDemo/Info.plist;
				IPHONEOS_DEPLOYMENT_TARGET = 11.0;
				LD_RUNPATH_SEARCH_PATHS = "$(inherited) @executable_path/Frameworks";
				PRODUCT_BUNDLE_IDENTIFIER = com.mob.sandslee;
				PRODUCT_NAME = "$(TARGET_NAME)";
				PROVISIONING_PROFILE = "7aa04587-9aa5-430b-8031-7289bd3a3d1d";
				PROVISIONING_PROFILE_SPECIFIER = SansLeeApp;
				TARGETED_DEVICE_FAMILY = "1,2";
			};
			name = Release;
		};
/* End XCBuildConfiguration section */

/* Begin XCConfigurationList section */
		5E56A6A11FECB25500910511 /* Build configuration list for PBXProject "CoreNFCDemo" */ = {
			isa = XCConfigurationList;
			buildConfigurations = (
				5E56A6BA1FECB25500910511 /* Debug */,
				5E56A6BB1FECB25500910511 /* Release */,
			);
			defaultConfigurationIsVisible = 0;
			defaultConfigurationName = Release;
		};
		5E56A6BC1FECB25500910511 /* Build configuration list for PBXNativeTarget "CoreNFCDemo" */ = {
			isa = XCConfigurationList;
			buildConfigurations = (
				5E56A6BD1FECB25500910511 /* Debug */,
				5E56A6BE1FECB25500910511 /* Release */,
			);
			defaultConfigurationIsVisible = 0;
			defaultConfigurationName = Release;
		};
/* End XCConfigurationList section */
	};
	rootObject = 5E56A69E1FECB25500910511 /* Project object */;
}
